
Microsoft Visual Studio Solution File, Format Version 12.00
# Visual Studio Version 17
VisualStudioVersion = 17.10.35027.167
MinimumVisualStudioVersion = 10.0.40219.1
Project("{FAE04EC0-301F-11D3-BF4B-00C04F79EFBC}") = "TemperatureConverter", "TemperatureConverter\TemperatureConverter.csproj", "{BDCECE58-BFBD-4977-909B-2F698FA5F74A}"
EndProject
Global
	GlobalSection(SolutionConfigurationPlatforms) = preSolution
		Debug|Any CPU = Debug|Any CPU
		Release|Any CPU = Release|Any CPU
	EndGlobalSection
	GlobalSection(ProjectConfigurationPlatforms) = postSolution
		{BDCECE58-BFBD-4977-909B-2F698FA5F74A}.Debug|Any CPU.ActiveCfg = Debug|Any CPU
		{BDCECE58-BFBD-4977-909B-2F698FA5F74A}.Debug|Any CPU.Build.0 = Debug|Any CPU
		{BDCECE58-BFBD-4977-909B-2F698FA5F74A}.Release|Any CPU.ActiveCfg = Release|Any CPU
		{BDCECE58-BFBD-4977-909B-2F698FA5F74A}.Release|Any CPU.Build.0 = Release|Any CPU
	EndGlobalSection
	GlobalSection(SolutionProperties) = preSolution
		HideSolutionNode = FALSE
	EndGlobalSection
	GlobalSection(ExtensibilityGlobals) = postSolution
		SolutionGuid = {0317A953-4A3F-49AE-A7E4-D35E00EEFE18}
	EndGlobalSection
EndGlobal
